
Microsoft Visual Studio Solution File, Format Version 12.00
# Visual Studio Version 17
VisualStudioVersion = 17.2.32616.157
MinimumVisualStudioVersion = 10.0.40219.1
Project("{FAE04EC0-301F-11D3-BF4B-00C04F79EFBC}") = "Aula20240515", "Aula20240515.csproj", "{5F19996E-BFF1-4429-ADDF-6B2F4B68C24A}"
EndProject
Global
	GlobalSection(SolutionConfigurationPlatforms) = preSolution
		Debug|Any CPU = Debug|Any CPU
		Release|Any CPU = Release|Any CPU
	EndGlobalSection
	GlobalSection(ProjectConfigurationPlatforms) = postSolution
		{5F19996E-BFF1-4429-ADDF-6B2F4B68C24A}.Debug|Any CPU.ActiveCfg = Debug|Any CPU
		{5F19996E-BFF1-4429-ADDF-6B2F4B68C24A}.Debug|Any CPU.Build.0 = Debug|Any CPU
		{5F19996E-BFF1-4429-ADDF-6B2F4B68C24A}.Release|Any CPU.ActiveCfg = Release|Any CPU
		{5F19996E-BFF1-4429-ADDF-6B2F4B68C24A}.Release|Any CPU.Build.0 = Release|Any CPU
	EndGlobalSection
	GlobalSection(SolutionProperties) = preSolution
		HideSolutionNode = FALSE
	EndGlobalSection
	GlobalSection(ExtensibilityGlobals) = postSolution
		SolutionGuid = {50BD8778-1CD3-45C9-9AA0-A901FBC6837A}
	EndGlobalSection
EndGlobal
